
Microsoft Visual Studio Solution File, Format Version 12.00
# Visual Studio Version 16
VisualStudioVersion = 16.0.29806.167
MinimumVisualStudioVersion = 10.0.40219.1
Project("{FAE04EC0-301F-11D3-BF4B-00C04F79EFBC}") = "rocksdb", "rocksdb\rocksdb.csproj", "{CFD2E277-87BD-49CF-850F-189F91A59F8E}"
EndProject
Global
	GlobalSection(SolutionConfigurationPlatforms) = preSolution
		Debug|Any CPU = Debug|Any CPU
		Release|Any CPU = Release|Any CPU
	EndGlobalSection
	GlobalSection(ProjectConfigurationPlatforms) = postSolution
		{CFD2E277-87BD-49CF-850F-189F91A59F8E}.Debug|Any CPU.ActiveCfg = Debug|Any CPU
		{CFD2E277-87BD-49CF-850F-189F91A59F8E}.Debug|Any CPU.Build.0 = Debug|Any CPU
		{CFD2E277-87BD-49CF-850F-189F91A59F8E}.Release|Any CPU.ActiveCfg = Release|Any CPU
		{CFD2E277-87BD-49CF-850F-189F91A59F8E}.Release|Any CPU.Build.0 = Release|Any CPU
	EndGlobalSection
	GlobalSection(SolutionProperties) = preSolution
		HideSolutionNode = FALSE
	EndGlobalSection
	GlobalSection(ExtensibilityGlobals) = postSolution
		SolutionGuid = {B9D5B8D3-C0A4-43A0-852A-A2761EB30B45}
	EndGlobalSection
EndGlobal
